
Microsoft Visual Studio Solution File, Format Version 12.00
# Visual Studio 15
VisualStudioVersion = 15.0.27428.2037
MinimumVisualStudioVersion = 10.0.40219.1
Project("{FAE04EC0-301F-11D3-BF4B-00C04F79EFBC}") = "HadiSahiplen", "HadiSahiplen\HadiSahiplen.csproj", "{907B6655-BD32-41AF-951A-69F67CF04584}"
EndProject
Global
	GlobalSection(SolutionConfigurationPlatforms) = preSolution
		Debug|Any CPU = Debug|Any CPU
		Release|Any CPU = Release|Any CPU
	EndGlobalSection
	GlobalSection(ProjectConfigurationPlatforms) = postSolution
		{907B6655-BD32-41AF-951A-69F67CF04584}.Debug|Any CPU.ActiveCfg = Debug|Any CPU
		{907B6655-BD32-41AF-951A-69F67CF04584}.Debug|Any CPU.Build.0 = Debug|Any CPU
		{907B6655-BD32-41AF-951A-69F67CF04584}.Release|Any CPU.ActiveCfg = Release|Any CPU
		{907B6655-BD32-41AF-951A-69F67CF04584}.Release|Any CPU.Build.0 = Release|Any CPU
	EndGlobalSection
	GlobalSection(SolutionProperties) = preSolution
		HideSolutionNode = FALSE
	EndGlobalSection
	GlobalSection(ExtensibilityGlobals) = postSolution
		SolutionGuid = {7F8E411B-1FED-415A-BDAB-F802443E44F0}
	EndGlobalSection
EndGlobal
